
Microsoft Visual Studio Solution File, Format Version 12.00
# Visual Studio Version 17
VisualStudioVersion = 17.10.35013.160
MinimumVisualStudioVersion = 10.0.40219.1
Project("{D2ABAB84-BF74-430A-B69E-9DC6D40DDA17}") = "SSAS", "SSAS\SSAS.dwproj", "{7283D2E8-953D-40E1-8DA1-D6B60ACF7361}"
EndProject
Global
	GlobalSection(SolutionConfigurationPlatforms) = preSolution
		Development|Default = Development|Default
	EndGlobalSection
	GlobalSection(ProjectConfigurationPlatforms) = postSolution
		{7283D2E8-953D-40E1-8DA1-D6B60ACF7361}.Development|Default.ActiveCfg = Development
		{7283D2E8-953D-40E1-8DA1-D6B60ACF7361}.Development|Default.Build.0 = Development
		{7283D2E8-953D-40E1-8DA1-D6B60ACF7361}.Development|Default.Deploy.0 = Development
	EndGlobalSection
	GlobalSection(SolutionProperties) = preSolution
		HideSolutionNode = FALSE
	EndGlobalSection
	GlobalSection(ExtensibilityGlobals) = postSolution
		SolutionGuid = {6921DE80-B3EB-4216-8299-B539B3B6F627}
	EndGlobalSection
EndGlobal
